
Microsoft Visual Studio Solution File, Format Version 12.00
# Visual Studio Version 17
VisualStudioVersion = 17.5.33516.290
MinimumVisualStudioVersion = 10.0.40219.1
Project("{9A19103F-16F7-4668-BE54-9A1E7A4F7556}") = "ST10102524_Kgaphola_Emmanuel", "ST10102524_Kgaphola_Emmanuel\ST10102524_Kgaphola_Emmanuel.csproj", "{BA97BC9C-4B16-4BFC-ADA9-BF0D00D887A7}"
EndProject
Project("{FAE04EC0-301F-11D3-BF4B-00C04F79EFBC}") = "TestProject1", "TestProject1\TestProject1.csproj", "{EC79BD8E-A076-41D9-A871-0D636CF9ED1F}"
EndProject
Global
	GlobalSection(SolutionConfigurationPlatforms) = preSolution
		Debug|Any CPU = Debug|Any CPU
		Release|Any CPU = Release|Any CPU
	EndGlobalSection
	GlobalSection(ProjectConfigurationPlatforms) = postSolution
		{BA97BC9C-4B16-4BFC-ADA9-BF0D00D887A7}.Debug|Any CPU.ActiveCfg = Debug|Any CPU
		{BA97BC9C-4B16-4BFC-ADA9-BF0D00D887A7}.Debug|Any CPU.Build.0 = Debug|Any CPU
		{BA97BC9C-4B16-4BFC-ADA9-BF0D00D887A7}.Release|Any CPU.ActiveCfg = Release|Any CPU
		{BA97BC9C-4B16-4BFC-ADA9-BF0D00D887A7}.Release|Any CPU.Build.0 = Release|Any CPU
		{EC79BD8E-A076-41D9-A871-0D636CF9ED1F}.Debug|Any CPU.ActiveCfg = Debug|Any CPU
		{EC79BD8E-A076-41D9-A871-0D636CF9ED1F}.Debug|Any CPU.Build.0 = Debug|Any CPU
		{EC79BD8E-A076-41D9-A871-0D636CF9ED1F}.Release|Any CPU.ActiveCfg = Release|Any CPU
		{EC79BD8E-A076-41D9-A871-0D636CF9ED1F}.Release|Any CPU.Build.0 = Release|Any CPU
	EndGlobalSection
	GlobalSection(SolutionProperties) = preSolution
		HideSolutionNode = FALSE
	EndGlobalSection
	GlobalSection(ExtensibilityGlobals) = postSolution
		SolutionGuid = {DD3FB4F7-C81A-4CBD-920E-9D587039B873}
	EndGlobalSection
EndGlobal
