
Microsoft Visual Studio Solution File, Format Version 12.00
# Visual Studio Version 17
VisualStudioVersion = 17.6.33723.286
MinimumVisualStudioVersion = 10.0.40219.1
Project("{9A19103F-16F7-4668-BE54-9A1E7A4F7556}") = "ST10102524_Kgaphola_Emmanuel", "Okay\ST10102524_Kgaphola_Emmanuel.csproj", "{71C8AD96-C68B-4C41-A1E1-D634DE872490}"
EndProject
Global
	GlobalSection(SolutionConfigurationPlatforms) = preSolution
		Debug|Any CPU = Debug|Any CPU
		Release|Any CPU = Release|Any CPU
	EndGlobalSection
	GlobalSection(ProjectConfigurationPlatforms) = postSolution
		{71C8AD96-C68B-4C41-A1E1-D634DE872490}.Debug|Any CPU.ActiveCfg = Debug|Any CPU
		{71C8AD96-C68B-4C41-A1E1-D634DE872490}.Debug|Any CPU.Build.0 = Debug|Any CPU
		{71C8AD96-C68B-4C41-A1E1-D634DE872490}.Release|Any CPU.ActiveCfg = Release|Any CPU
		{71C8AD96-C68B-4C41-A1E1-D634DE872490}.Release|Any CPU.Build.0 = Release|Any CPU
	EndGlobalSection
	GlobalSection(SolutionProperties) = preSolution
		HideSolutionNode = FALSE
	EndGlobalSection
	GlobalSection(ExtensibilityGlobals) = postSolution
		SolutionGuid = {7C3F154C-3092-4835-B9DD-C509CA92013F}
	EndGlobalSection
EndGlobal
